{
    "_meta": {
        "hash": {
            "sha256": "b63a6f10f171e109f12d68c5038d3dc66de7f484b5c297d96b50c520d4aeb9c0"
        },
        "pipfile-spec": 6,
        "requires": {
            "python_version": "3.11"
        },
        "sources": [
            {
                "name": "pypi",
                "url": "https://pypi.org/simple",
                "verify_ssl": true
            }
        ]
    },
    "default": {
        "boto3": {
            "hashes": [
                "sha256:5ddf24cf52c7fb6aaa332eaa08ae8c2afc8f2d1e8860680728533dd573904e32",
                "sha256:e2d2824ba6459b330d097e94039a9c4f96ae3f4bcdc731d620589ad79dcd16d3"
            ],
            "index": "pypi",
            "markers": "python_version >= '3.7'",
            "version": "==1.28.57"
        },
        "botocore": {
            "hashes": [
                "sha256:301436174635bec739b225b840fc365ca00e5c1a63e5b2a19ee679d204e01b78",
                "sha256:af006248276ff8e19e3ec7214478f6257035eb40aed865e405486500471ae71b"
            ],
            "markers": "python_version >= '3.7'",
            "version": "==1.31.57"
        },
        "colorama": {
            "hashes": [
                "sha256:08695f5cb7ed6e0531a20572697297273c47b8cae5a63ffc6d6ed5c201be6e44",
                "sha256:4f1d9991f5acc0ca119f9d443620b77f9d6b33703e51011c16baf57afb285fc6"
            ],
            "markers": "platform_system == 'Windows'",
            "version": "==0.4.6"
        },
        "jmespath": {
            "hashes": [
                "sha256:02e2e4cc71b5bcab88332eebf907519190dd9e6e82107fa7f83b1003a6252980",
                "sha256:90261b206d6defd58fdd5e85f478bf633a2901798906be2ad389150c5c60edbe"
            ],
            "markers": "python_version >= '3.7'",
            "version": "==1.0.1"
        },
        "mojimoji": {
            "hashes": [
                "sha256:01a3d73e8b3c641386b1824d5106b8ea5c351a641623c910d89d8f02520c1b0e",
                "sha256:05b589361b6f35aef96df3a7f64c2a286a7e7aed9865cd7baf1a5876bb4cd16a",
                "sha256:515f6fa5659d77a172f1fb46950d34674f33cf487e9aa131bf9422cbe127e5f4",
                "sha256:59cc0af7d3be3b6847c8dcf1a4e0d09cc0646ff64c101308903d14871245403c",
                "sha256:61c03620528650603b3c92f367d6db2a645c2638408add5ba03fed982af7cd1d",
                "sha256:7a15864d8de07a487280c528fe3d2aeaad05bb2ce6d8bf201fc1480b0b5db337",
                "sha256:8a1285040b7ef7ca5bafe095b62b99507cf19e10c6000e3279bc44d9430da3d9",
                "sha256:9723531661911479bbfce08ec8a62c7b5958a307f33a025fe938d19550b13f9d",
                "sha256:98f41bf146b731ed4554c60495c53fd96339a52e02b22a869d6eaf2433047505",
                "sha256:a98fb09bd49245f9d9cd29603b912dc2f94e619e6d2f5b722553a5dbe113ce6c",
                "sha256:ae5e6e8d4e70849f4217fa00ca7d770354f5a13c04778b6f07f3bceb0a636abd",
                "sha256:b110101148b920eba60fa4627b904fa18801c5ca3667880494b7f0d25dd1a5fe",
                "sha256:b2247233f4b3bee6ab601ac7fcbd84124ad91788a7418c1430f93a4bac340218",
                "sha256:b379781a0cb95eeb79939608b4a013ad7b79ba03b7fe9b795eadc40bd96a06c9",
                "sha256:d974a034528cb9fb95fcade6f3ffb73dc1dc336e17413486a5094724cbe9e34f",
                "sha256:f180e2e8ff47e54cc36b0de147bceaf76fab88ef06775835a55b38ef6b82c161",
                "sha256:f7f4da9e809fa68588e817f1ae351c4274be2366e542c51393657cae7bcf114f"
            ],
            "index": "pypi",
            "version": "==0.0.12"
        },
        "psutil": {
            "hashes": [
                "sha256:104a5cc0e31baa2bcf67900be36acde157756b9c44017b86b2c049f11957887d",
                "sha256:3c6f686f4225553615612f6d9bc21f1c0e305f75d7d8454f9b46e901778e7217",
                "sha256:4aef137f3345082a3d3232187aeb4ac4ef959ba3d7c10c33dd73763fbc063da4",
                "sha256:5410638e4df39c54d957fc51ce03048acd8e6d60abc0f5107af51e5fb566eb3c",
                "sha256:5b9b8cb93f507e8dbaf22af6a2fd0ccbe8244bf30b1baad6b3954e935157ae3f",
                "sha256:7a7dd9997128a0d928ed4fb2c2d57e5102bb6089027939f3b722f3a210f9a8da",
                "sha256:89518112647f1276b03ca97b65cc7f64ca587b1eb0278383017c2a0dcc26cbe4",
                "sha256:8c5f7c5a052d1d567db4ddd231a9d27a74e8e4a9c3f44b1032762bd7b9fdcd42",
                "sha256:ab8ed1a1d77c95453db1ae00a3f9c50227ebd955437bcf2a574ba8adbf6a74d5",
                "sha256:acf2aef9391710afded549ff602b5887d7a2349831ae4c26be7c807c0a39fac4",
                "sha256:b258c0c1c9d145a1d5ceffab1134441c4c5113b2417fafff7315a917a026c3c9",
                "sha256:be8929ce4313f9f8146caad4272f6abb8bf99fc6cf59344a3167ecd74f4f203f",
                "sha256:c607bb3b57dc779d55e1554846352b4e358c10fff3abf3514a7a6601beebdb30",
                "sha256:ea8518d152174e1249c4f2a1c89e3e6065941df2fa13a1ab45327716a23c2b48"
            ],
            "index": "pypi",
            "markers": "python_version >= '2.7' and python_version not in '3.0, 3.1, 3.2, 3.3'",
            "version": "==5.9.5"
        },
        "python-dateutil": {
            "hashes": [
                "sha256:0123cacc1627ae19ddf3c27a5de5bd67ee4586fbdd6440d9748f8abb483d3e86",
                "sha256:961d03dc3453ebbc59dbdea9e4e11c5651520a876d0f4db161e8674aae935da9"
            ],
            "markers": "python_version >= '2.7' and python_version not in '3.0, 3.1, 3.2, 3.3'",
            "version": "==2.8.2"
        },
        "python-dotenv": {
            "hashes": [
                "sha256:a8df96034aae6d2d50a4ebe8216326c61c3eb64836776504fcca410e5937a3ba",
                "sha256:f5971a9226b701070a4bf2c38c89e5a3f0d64de8debda981d1db98583009122a"
            ],
            "index": "pypi",
            "markers": "python_version >= '3.8'",
            "version": "==1.0.0"
        },
        "s3transfer": {
            "hashes": [
                "sha256:10d6923c6359175f264811ef4bf6161a3156ce8e350e705396a7557d6293c33a",
                "sha256:fd3889a66f5fe17299fe75b82eae6cf722554edca744ca5d5fe308b104883d2e"
            ],
            "markers": "python_version >= '3.7'",
            "version": "==0.7.0"
        },
        "six": {
            "hashes": [
                "sha256:1e61c37477a1626458e36f7b1d82aa5c9b094fa4802892072e49de9c60c4c926",
                "sha256:8abb2f1d86890a2dfb989f9a77cfcfd3e47c2a354b01111771326f8aa26e0254"
            ],
            "markers": "python_version >= '2.7' and python_version not in '3.0, 3.1, 3.2, 3.3'",
            "version": "==1.16.0"
        },
        "tqdm": {
            "hashes": [
                "sha256:d302b3c5b53d47bce91fea46679d9c3c6508cf6332229aa1e7d8653723793386",
                "sha256:d88e651f9db8d8551a62556d3cff9e3034274ca5d66e93197cf2490e2dcb69c7"
            ],
            "index": "pypi",
            "markers": "python_version >= '3.7'",
            "version": "==4.66.1"
        },
        "urllib3": {
            "hashes": [
                "sha256:8d36afa7616d8ab714608411b4a3b13e58f463aee519024578e062e141dce20f",
                "sha256:8f135f6502756bde6b2a9b28989df5fbe87c9970cecaa69041edcce7f0589b14"
            ],
            "markers": "python_version >= '2.7' and python_version not in '3.0, 3.1, 3.2, 3.3, 3.4, 3.5'",
            "version": "==1.26.16"
        }
    },
    "develop": {
        "boto3-stubs": {
            "extras": [
                "essential"
            ],
            "hashes": [
                "sha256:61cd792792c2a16d70801d187ebed705c39962a70e90b5dc0f33d04001fb39ae",
                "sha256:b389a693e33d75ed19d38b4a2ba99d25f4f2045a3136f816d7fec4d27a71ddb4"
            ],
            "markers": "python_version >= '3.7'",
            "version": "==1.28.57"
        },
        "botocore-stubs": {
            "hashes": [
                "sha256:bce87eb261f6ad9a43ae1d6946fa48582a99685642a9edb9a56b50ac113b3177",
                "sha256:e28f3ca7a6279f01dcec4663980be80aa93dc4eb2efcc2396859ceb647623b83"
            ],
            "markers": "python_version >= '3.7' and python_version < '4.0'",
            "version": "==1.31.57"
        },
        "mypy": {
            "hashes": [
                "sha256:159aa9acb16086b79bbb0016145034a1a05360626046a929f84579ce1666b315",
                "sha256:258b22210a4a258ccd077426c7a181d789d1121aca6db73a83f79372f5569ae0",
                "sha256:26f71b535dfc158a71264e6dc805a9f8d2e60b67215ca0bfa26e2e1aa4d4d373",
                "sha256:26fb32e4d4afa205b24bf645eddfbb36a1e17e995c5c99d6d00edb24b693406a",
                "sha256:2fc3a600f749b1008cc75e02b6fb3d4db8dbcca2d733030fe7a3b3502902f161",
                "sha256:32cb59609b0534f0bd67faebb6e022fe534bdb0e2ecab4290d683d248be1b275",
                "sha256:330857f9507c24de5c5724235e66858f8364a0693894342485e543f5b07c8693",
                "sha256:361da43c4f5a96173220eb53340ace68cda81845cd88218f8862dfb0adc8cddb",
                "sha256:4a465ea2ca12804d5b34bb056be3a29dc47aea5973b892d0417c6a10a40b2d65",
                "sha256:51cb1323064b1099e177098cb939eab2da42fea5d818d40113957ec954fc85f4",
                "sha256:57b10c56016adce71fba6bc6e9fd45d8083f74361f629390c556738565af8eeb",
                "sha256:596fae69f2bfcb7305808c75c00f81fe2829b6236eadda536f00610ac5ec2243",
                "sha256:5d627124700b92b6bbaa99f27cbe615c8ea7b3402960f6372ea7d65faf376c14",
                "sha256:6ac9c21bfe7bc9f7f1b6fae441746e6a106e48fc9de530dea29e8cd37a2c0cc4",
                "sha256:82cb6193de9bbb3844bab4c7cf80e6227d5225cc7625b068a06d005d861ad5f1",
                "sha256:8f772942d372c8cbac575be99f9cc9d9fb3bd95c8bc2de6c01411e2c84ebca8a",
                "sha256:9fece120dbb041771a63eb95e4896791386fe287fefb2837258925b8326d6160",
                "sha256:a156e6390944c265eb56afa67c74c0636f10283429171018446b732f1a05af25",
                "sha256:a9ec1f695f0c25986e6f7f8778e5ce61659063268836a38c951200c57479cc12",
                "sha256:abed92d9c8f08643c7d831300b739562b0a6c9fcb028d211134fc9ab20ccad5d",
                "sha256:b031b9601f1060bf1281feab89697324726ba0c0bae9d7cd7ab4b690940f0b92",
                "sha256:c543214ffdd422623e9fedd0869166c2f16affe4ba37463975043ef7d2ea8770",
                "sha256:d28ddc3e3dfeab553e743e532fb95b4e6afad51d4706dd22f28e1e5e664828d2",
                "sha256:f33592ddf9655a4894aef22d134de7393e95fcbdc2d15c1ab65828eee5c66c70",
                "sha256:f6b0e77db9ff4fda74de7df13f30016a0a663928d669c9f2c057048ba44f09bb",
                "sha256:f757063a83970d67c444f6e01d9550a7402322af3557ce7630d3c957386fa8f5",
                "sha256:ff0cedc84184115202475bbb46dd99f8dcb87fe24d5d0ddfc0fe6b8575c88d2f"
            ],
            "index": "pypi",
            "markers": "python_version >= '3.8'",
            "version": "==1.5.1"
        },
        "mypy-boto3-cloudformation": {
            "hashes": [
                "sha256:653e14414abc9fab8d29d693f138639a1325322fb6ba1b06ca90a6ccb11dfd94",
                "sha256:efbe4073397800824287c8d52a65383112862f903b16fd587b5113449652371b"
            ],
            "version": "==1.28.48"
        },
        "mypy-boto3-dynamodb": {
            "hashes": [
                "sha256:a3039f8ada07a218f97f0c70a82ed9cf461a0cb5133194fcf1e0e87b15c899a5",
                "sha256:c4c16a00e90db5857cbeee207f6dec954ca142bd52e2de0f3d52be6d50d83d16"
            ],
            "version": "==1.28.55"
        },
        "mypy-boto3-ec2": {
            "hashes": [
                "sha256:808d1d2675a59661ade6c8adfb90ebee47bacd54d646eff33375f22b989643d3",
                "sha256:abb24fc25410597c6f6a44f3f0b94abc3681125fdce7d470b6e2bcba410a228f"
            ],
            "version": "==1.28.57"
        },
        "mypy-boto3-lambda": {
            "hashes": [
                "sha256:70498e6ff6bfd60b758553d27fadf691ba169572faca01c2bd457da0b48b9cff",
                "sha256:edb1f49279f7713929a70eaab00cf3d4ba65a10016db636805d022b2eaf14c84"
            ],
            "version": "==1.28.36"
        },
        "mypy-boto3-rds": {
            "hashes": [
                "sha256:19b7d6a1e3e53ff7d03157052885ceead29861fba2d9cbddf701f6238159cb72",
                "sha256:2935be3736147b726964e3cebcb918d0fc394e4012b9b7d3d0d35c12aa740ddf"
            ],
            "version": "==1.28.41"
        },
        "mypy-boto3-s3": {
            "hashes": [
                "sha256:11a3db97398973d4ae28489b94c010778a0a5c65f99e00268456c3fea67eca79",
                "sha256:b008809f448e74075012d4fc54b0176de0b4f49bc38e39de30ca0e764eb75056"
            ],
            "version": "==1.28.55"
        },
        "mypy-boto3-sqs": {
            "hashes": [
                "sha256:8457aa9f2a6da44e8543e547597773f67a04e517f6a398989117cf1fa3f70d6e",
                "sha256:d9c159e020f0ef225a6d5850a3673e8b236327243ba5ffe0d13762ae4fdc0e21"
            ],
            "version": "==1.28.36"
        },
        "mypy-extensions": {
            "hashes": [
                "sha256:4392f6c0eb8a5668a69e23d168ffa70f0be9ccfd32b5cc2d26a34ae5b844552d",
                "sha256:75dbf8955dc00442a438fc4d0666508a9a97b6bd41aa2f0ffe9d2f2725af0782"
            ],
            "markers": "python_version >= '3.5'",
            "version": "==1.0.0"
        },
        "types-awscrt": {
            "hashes": [
                "sha256:61833aa140e724a9098025610f4b8cde3dcf65b842631d7447378f9f5db4e1fd",
                "sha256:68fffeb75396e9e7614cd930b2d52295f680230774750907bcafb56f11514043"
            ],
            "markers": "python_version >= '3.7' and python_version < '4.0'",
            "version": "==0.19.1"
        },
        "types-psutil": {
            "hashes": [
                "sha256:4e9b219efb625d3d04f6bf106934f87cab49aa41a94b0a3b3089403f47a79228",
                "sha256:fec713104d5d143afea7b976cfa691ca1840f5d19e8714a5d02a96ebd061363e"
            ],
            "index": "pypi",
            "version": "==5.9.5.16"
        },
        "types-s3transfer": {
            "hashes": [
                "sha256:aca0f2486d0a3a5037cd5b8f3e20a4522a29579a8dd183281ff0aa1c4e2c8aa7",
                "sha256:ae9ed9273465d9f43da8b96307383da410c6b59c3b2464c88d20b578768e97c6"
            ],
            "markers": "python_version >= '3.7' and python_version < '4.0'",
            "version": "==0.7.0"
        },
        "types-tqdm": {
            "hashes": [
                "sha256:13dddd38908834abdf0acdc2b70cab7ac4bcc5ad7356ced450471662e58a0ffc",
                "sha256:9553a5e44c1d485fce19f505b8bd65c0c3e87e870678d1f2ed764ae59a55d45f"
            ],
            "index": "pypi",
            "version": "==4.66.0.2"
        },
        "typing-extensions": {
            "hashes": [
                "sha256:8f92fc8806f9a6b641eaa5318da32b44d401efaac0f6678c9bc448ba3605faa0",
                "sha256:df8e4339e9cb77357558cbdbceca33c303714cf861d1eef15e1070055ae8b7ef"
            ],
            "markers": "python_version < '3.12'",
            "version": "==4.8.0"
        }
    }
}
